
Microsoft Visual Studio Solution File, Format Version 12.00
# Visual Studio 15
VisualStudioVersion = 15.0.28307.757
MinimumVisualStudioVersion = 10.0.40219.1
Project("{FAE04EC0-301F-11D3-BF4B-00C04F79EFBC}") = "ExampleConsoleApp", "ExampleConsoleApp\ExampleConsoleApp.csproj", "{726F59BA-162F-47D7-AAC8-E2B0D10B1BEE}"
EndProject
Project("{FAE04EC0-301F-11D3-BF4B-00C04F79EFBC}") = "WixSharpSetup", "WixSharpSetup\WixSharpSetup.csproj", "{C9A243E5-6443-4A00-ACAC-C20A61286264}"
EndProject
Global
	GlobalSection(SolutionConfigurationPlatforms) = preSolution
		Debug|Any CPU = Debug|Any CPU
		Release|Any CPU = Release|Any CPU
	EndGlobalSection
	GlobalSection(ProjectConfigurationPlatforms) = postSolution
		{726F59BA-162F-47D7-AAC8-E2B0D10B1BEE}.Debug|Any CPU.ActiveCfg = Debug|Any CPU
		{726F59BA-162F-47D7-AAC8-E2B0D10B1BEE}.Debug|Any CPU.Build.0 = Debug|Any CPU
		{726F59BA-162F-47D7-AAC8-E2B0D10B1BEE}.Release|Any CPU.ActiveCfg = Release|Any CPU
		{726F59BA-162F-47D7-AAC8-E2B0D10B1BEE}.Release|Any CPU.Build.0 = Release|Any CPU
		{C9A243E5-6443-4A00-ACAC-C20A61286264}.Debug|Any CPU.ActiveCfg = Debug|Any CPU
		{C9A243E5-6443-4A00-ACAC-C20A61286264}.Debug|Any CPU.Build.0 = Debug|Any CPU
		{C9A243E5-6443-4A00-ACAC-C20A61286264}.Release|Any CPU.ActiveCfg = Release|Any CPU
		{C9A243E5-6443-4A00-ACAC-C20A61286264}.Release|Any CPU.Build.0 = Release|Any CPU
	EndGlobalSection
	GlobalSection(SolutionProperties) = preSolution
		HideSolutionNode = FALSE
	EndGlobalSection
	GlobalSection(ExtensibilityGlobals) = postSolution
		SolutionGuid = {E6C43FB2-5B19-47AE-B4B9-5CEED2D889AB}
	EndGlobalSection
EndGlobal
